Microsoft Visual Studio Solution File, Format Version 11.00
# Visual Studio 2008

Project("{A424FE2D-C9C2-92EE-A8AB-D719F7A6AE76}") = "CrossyRoad", "Assembly-CSharp.csproj", "{773F68A3-1ED4-79E6-EA67-CA27ED14D530}"
EndProject
Project("{A424FE2D-C9C2-92EE-A8AB-D719F7A6AE76}") = "CrossyRoad", "Assembly-UnityScript.unityproj", "{FB6D7AE5-4EAB-9E9C-2BD2-73358254C21F}"
EndProject
Global
	GlobalSection(SolutionConfigurationPlatforms) = preSolution
		Debug|Any CPU = Debug|Any CPU
		Release|Any CPU = Release|Any CPU
	EndGlobalSection
	GlobalSection(ProjectConfigurationPlatforms) = postSolution
		{773F68A3-1ED4-79E6-EA67-CA27ED14D530}.Debug|Any CPU.ActiveCfg = Debug|Any CPU
		{773F68A3-1ED4-79E6-EA67-CA27ED14D530}.Debug|Any CPU.Build.0 = Debug|Any CPU
		{773F68A3-1ED4-79E6-EA67-CA27ED14D530}.Release|Any CPU.ActiveCfg = Release|Any CPU
		{773F68A3-1ED4-79E6-EA67-CA27ED14D530}.Release|Any CPU.Build.0 = Release|Any CPU
		{FB6D7AE5-4EAB-9E9C-2BD2-73358254C21F}.Debug|Any CPU.ActiveCfg = Debug|Any CPU
		{FB6D7AE5-4EAB-9E9C-2BD2-73358254C21F}.Debug|Any CPU.Build.0 = Debug|Any CPU
		{FB6D7AE5-4EAB-9E9C-2BD2-73358254C21F}.Release|Any CPU.ActiveCfg = Release|Any CPU
		{FB6D7AE5-4EAB-9E9C-2BD2-73358254C21F}.Release|Any CPU.Build.0 = Release|Any CPU
	EndGlobalSection
	GlobalSection(SolutionProperties) = preSolution
		HideSolutionNode = FALSE
	EndGlobalSection
									GlobalSection(MonoDevelopProperties) = preSolution
		StartupItem = Assembly-CSharp.csproj
		Policies = $0
		$0.TextStylePolicy = $1
		$1.inheritsSet = null
		$1.scope = text/x-csharp
		$0.CSharpFormattingPolicy = $2
		$2.inheritsSet = Mono
		$2.inheritsScope = text/x-csharp
		$2.scope = text/x-csharp
		$0.TextStylePolicy = $3
		$3.FileWidth = 120
		$3.TabWidth = 4
		$3.IndentWidth = 4
		$3.EolMarker = Unix
		$3.inheritsSet = Mono
		$3.inheritsScope = text/plain
		$3.scope = text/plain
	EndGlobalSection

EndGlobal
